
Microsoft Visual Studio Solution File, Format Version 12.00
# Visual Studio Version 17
VisualStudioVersion = 17.10.35027.167
MinimumVisualStudioVersion = 10.0.40219.1
Project("{FAE04EC0-301F-11D3-BF4B-00C04F79EFBC}") = "GoogleDriveApi-DotNet", "GoogleDriveApi-DotNet.csproj", "{9288451F-7FC6-4343-B5DE-5C9C35FAE944}"
EndProject
Global
	GlobalSection(SolutionConfigurationPlatforms) = preSolution
		Debug|Any CPU = Debug|Any CPU
		Release|Any CPU = Release|Any CPU
	EndGlobalSection
	GlobalSection(ProjectConfigurationPlatforms) = postSolution
		{9288451F-7FC6-4343-B5DE-5C9C35FAE944}.Debug|Any CPU.ActiveCfg = Debug|Any CPU
		{9288451F-7FC6-4343-B5DE-5C9C35FAE944}.Debug|Any CPU.Build.0 = Debug|Any CPU
		{9288451F-7FC6-4343-B5DE-5C9C35FAE944}.Release|Any CPU.ActiveCfg = Release|Any CPU
		{9288451F-7FC6-4343-B5DE-5C9C35FAE944}.Release|Any CPU.Build.0 = Release|Any CPU
	EndGlobalSection
	GlobalSection(SolutionProperties) = preSolution
		HideSolutionNode = FALSE
	EndGlobalSection
	GlobalSection(ExtensibilityGlobals) = postSolution
		SolutionGuid = {9B738F98-FBFD-4B03-B6C9-2BE4EBFFCDB3}
	EndGlobalSection
EndGlobal
